
Microsoft Visual Studio Solution File, Format Version 11.00
# Visual Studio 2010
Project("{FAE04EC0-301F-11D3-BF4B-00C04F79EFBC}") = "Assembly-CSharp", "Assembly-CSharp.csproj", "{543813EA-E70D-C745-7AC3-EF2984204784}"
EndProject
Project("{FAE04EC0-301F-11D3-BF4B-00C04F79EFBC}") = "Assembly-CSharp-Editor", "Assembly-CSharp-Editor.csproj", "{B267549F-795C-A747-6E30-5DC2A7FB1F60}"
EndProject
Global
	GlobalSection(SolutionConfigurationPlatforms) = preSolution
		Debug|Any CPU = Debug|Any CPU
		Release|Any CPU = Release|Any CPU
	EndGlobalSection
	GlobalSection(ProjectConfigurationPlatforms) = postSolution
		{543813EA-E70D-C745-7AC3-EF2984204784}.Debug|Any CPU.ActiveCfg = Debug|Any CPU
		{543813EA-E70D-C745-7AC3-EF2984204784}.Debug|Any CPU.Build.0 = Debug|Any CPU
		{543813EA-E70D-C745-7AC3-EF2984204784}.Release|Any CPU.ActiveCfg = Release|Any CPU
		{543813EA-E70D-C745-7AC3-EF2984204784}.Release|Any CPU.Build.0 = Release|Any CPU
		{B267549F-795C-A747-6E30-5DC2A7FB1F60}.Debug|Any CPU.ActiveCfg = Debug|Any CPU
		{B267549F-795C-A747-6E30-5DC2A7FB1F60}.Debug|Any CPU.Build.0 = Debug|Any CPU
		{B267549F-795C-A747-6E30-5DC2A7FB1F60}.Release|Any CPU.ActiveCfg = Release|Any CPU
		{B267549F-795C-A747-6E30-5DC2A7FB1F60}.Release|Any CPU.Build.0 = Release|Any CPU
	EndGlobalSection
	GlobalSection(SolutionProperties) = preSolution
		HideSolutionNode = FALSE
	EndGlobalSection
	GlobalSection(MonoDevelopProperties) = preSolution
		StartupItem = Assembly-CSharp.csproj
	EndGlobalSection
EndGlobal
